// !$*UTF8*$!
{
	archiveVersion = 1;
	classes = {
	};
	objectVersion = 51;
	objects = {

/* Begin PBXBuildFile section */
		6F4123F33F87523898653FCC /* Pods_ToDoneList_ToDoneListUITests.framework in Frameworks */ = {isa = PBXBuildFile; fileRef = 2C06CF8F227DD2DBF96ED11B /* Pods_ToDoneList_ToDoneListUITests.framework */; };
		9E277CFC252F394800236D1D /* TodoneTask+CoreDataProperties.swift in Sources */ = {isa = PBXBuildFile; fileRef = 9E277CFB252F394800236D1D /* TodoneTask+CoreDataProperties.swift */; };
		9E277D01252F394E00236D1D /* TodoneTask+CoreDataClass.swift in Sources */ = {isa = PBXBuildFile; fileRef = 9E277D00252F394E00236D1D /* TodoneTask+CoreDataClass.swift */; };
		9E4469E725172778000E9A36 /* ModifyAddToDoneViewController.swift in Sources */ = {isa = PBXBuildFile; fileRef = 9E4469E625172778000E9A36 /* ModifyAddToDoneViewController.swift */; };
		9E4469EC2517278D000E9A36 /* ModifyToDone.storyboard in Resources */ = {isa = PBXBuildFile; fileRef = 9E4469EB2517278D000E9A36 /* ModifyToDone.storyboard */; };
		9E79F41425049F9200A36AE0 /* AddToDone.storyboard in Resources */ = {isa = PBXBuildFile; fileRef = 9E79F41325049F9200A36AE0 /* AddToDone.storyboard */; };
		9E79F41625049FA300A36AE0 /* AddToDoneViewController.swift in Sources */ = {isa = PBXBuildFile; fileRef = 9E79F41525049FA300A36AE0 /* AddToDoneViewController.swift */; };
		9E8DFDC225049C2900F255C2 /* AppDelegate.swift in Sources */ = {isa = PBXBuildFile; fileRef = 9E8DFDC125049C2900F255C2 /* AppDelegate.swift */; };
		9E8DFDC425049C2900F255C2 /* SceneDelegate.swift in Sources */ = {isa = PBXBuildFile; fileRef = 9E8DFDC325049C2900F255C2 /* SceneDelegate.swift */; };
		9E8DFDC625049C2900F255C2 /* ViewController.swift in Sources */ = {isa = PBXBuildFile; fileRef = 9E8DFDC525049C2900F255C2 /* ViewController.swift */; };
		9E8DFDC925049C2900F255C2 /* Main.storyboard in Resources */ = {isa = PBXBuildFile; fileRef = 9E8DFDC725049C2900F255C2 /* Main.storyboard */; };
		9E8DFDCB25049C2B00F255C2 /* Assets.xcassets in Resources */ = {isa = PBXBuildFile; fileRef = 9E8DFDCA25049C2B00F255C2 /* Assets.xcassets */; };
		9E8DFDCE25049C2B00F255C2 /* LaunchScreen.storyboard in Resources */ = {isa = PBXBuildFile; fileRef = 9E8DFDCC25049C2B00F255C2 /* LaunchScreen.storyboard */; };
		9E8DFDD925049C2B00F255C2 /* ToDoneListTests.swift in Sources */ = {isa = PBXBuildFile; fileRef = 9E8DFDD825049C2B00F255C2 /* ToDoneListTests.swift */; };
		9E8DFDE425049C2B00F255C2 /* ToDoneListUITests.swift in Sources */ = {isa = PBXBuildFile; fileRef = 9E8DFDE325049C2B00F255C2 /* ToDoneListUITests.swift */; };
		9EB34AC12528333A00C5A2B5 /* Model.xcdatamodeld in Sources */ = {isa = PBXBuildFile; fileRef = 9EB34ABF2528333A00C5A2B5 /* Model.xcdatamodeld */; };
		9ED2C8572508EFDA00672495 /* UIColorExtension.swift in Sources */ = {isa = PBXBuildFile; fileRef = 9ED2C8542508EFDA00672495 /* UIColorExtension.swift */; };
		9ED2C8582508EFDA00672495 /* UIViewControllerExtension.swift in Sources */ = {isa = PBXBuildFile; fileRef = 9ED2C8552508EFDA00672495 /* UIViewControllerExtension.swift */; };
		9ED2C8592508EFDA00672495 /* UIViewExtension.swift in Sources */ = {isa = PBXBuildFile; fileRef = 9ED2C8562508EFDA00672495 /* UIViewExtension.swift */; };
		A2EC888846570F57BA76F693 /* Pods_ToDoneList.framework in Frameworks */ = {isa = PBXBuildFile; fileRef = E4FA6A8F91D8FE66E48DAA2B /* Pods_ToDoneList.framework */; };
		D2461FCF6B318A490C9FAF32 /* Pods_ToDoneListTests.framework in Frameworks */ = {isa = PBXBuildFile; fileRef = E017A9C9F84566ED6AD5E6D1 /* Pods_ToDoneListTests.framework */; };
/* End PBXBuildFile section */

/* Begin PBXContainerItemProxy section */
		9E8DFDD525049C2B00F255C2 /* PBXContainerItemProxy */ = {
			isa = PBXContainerItemProxy;
			containerPortal = 9E8DFDB625049C2900F255C2 /* Project object */;
			proxyType = 1;
			remoteGlobalIDString = 9E8DFDBD25049C2900F255C2;
			remoteInfo = ToDoneList;
		};
		9E8DFDE025049C2B00F255C2 /* PBXContainerItemProxy */ = {
			isa = PBXContainerItemProxy;
			containerPortal = 9E8DFDB625049C2900F255C2 /* Project object */;
			proxyType = 1;
			remoteGlobalIDString = 9E8DFDBD25049C2900F255C2;
			remoteInfo = ToDoneList;
		};
/* End PBXContainerItemProxy section */

/* Begin PBXFileReference section */
		176A3CF9056D555A93835D22 /* Pods-ToDoneList.debug.xcconfig */ = {isa = PBXFileReference; includeInIndex = 1; lastKnownFileType = text.xcconfig; name = "Pods-ToDoneList.debug.xcconfig"; path = "Target Support Files/Pods-ToDoneList/Pods-ToDoneList.debug.xcconfig"; sourceTree = "<group>"; };
		2C06CF8F227DD2DBF96ED11B /* Pods_ToDoneList_ToDoneListUITests.framework */ = {isa = PBXFileReference; explicitFileType = wrapper.framework; includeInIndex = 0; path = Pods_ToDoneList_ToDoneListUITests.framework; sourceTree = BUILT_PRODUCTS_DIR; };
		5194438291623D635F02A40B /* Pods-ToDoneList-ToDoneListUITests.debug.xcconfig */ = {isa = PBXFileReference; includeInIndex = 1; lastKnownFileType = text.xcconfig; name = "Pods-ToDoneList-ToDoneListUITests.debug.xcconfig"; path = "Target Support Files/Pods-ToDoneList-ToDoneListUITests/Pods-ToDoneList-ToDoneListUITests.debug.xcconfig"; sourceTree = "<group>"; };
		7DAFA4CCA2D035738A5A0964 /* Pods-ToDoneList.release.xcconfig */ = {isa = PBXFileReference; includeInIndex = 1; lastKnownFileType = text.xcconfig; name = "Pods-ToDoneList.release.xcconfig"; path = "Target Support Files/Pods-ToDoneList/Pods-ToDoneList.release.xcconfig"; sourceTree = "<group>"; };
		9E277CFB252F394800236D1D /* TodoneTask+CoreDataProperties.swift */ = {isa = PBXFileReference; fileEncoding = 4; lastKnownFileType = sourcecode.swift; path = "TodoneTask+CoreDataProperties.swift"; sourceTree = "<group>"; };
		9E277D00252F394E00236D1D /* TodoneTask+CoreDataClass.swift */ = {isa = PBXFileReference; lastKnownFileType = sourcecode.swift; name = "TodoneTask+CoreDataClass.swift"; path = "/Users/m.yamanishi/Swift/portfolio/ToDoneList(coredata)/ToDoneList/CoreData/TodoneTask+CoreDataClass.swift"; sourceTree = "<absolute>"; };
		9E4469E625172778000E9A36 /* ModifyAddToDoneViewController.swift */ = {isa = PBXFileReference; lastKnownFileType = sourcecode.swift; path = ModifyAddToDoneViewController.swift; sourceTree = "<group>"; };
		9E4469EB2517278D000E9A36 /* ModifyToDone.storyboard */ = {isa = PBXFileReference; lastKnownFileType = file.storyboard; path = ModifyToDone.storyboard; sourceTree = "<group>"; };
		9E79F41325049F9200A36AE0 /* AddToDone.storyboard */ = {isa = PBXFileReference; lastKnownFileType = file.storyboard; path = AddToDone.storyboard; sourceTree = "<group>"; };
		9E79F41525049FA300A36AE0 /* AddToDoneViewController.swift */ = {isa = PBXFileReference; lastKnownFileType = sourcecode.swift; path = AddToDoneViewController.swift; sourceTree = "<group>"; };
		9E8DFDBE25049C2900F255C2 /* ToDoneList.app */ = {isa = PBXFileReference; explicitFileType = wrapper.application; includeInIndex = 0; path = ToDoneList.app; sourceTree = BUILT_PRODUCTS_DIR; };
		9E8DFDC125049C2900F255C2 /* AppDelegate.swift */ = {isa = PBXFileReference; lastKnownFileType = sourcecode.swift; path = AppDelegate.swift; sourceTree = "<group>"; };
		9E8DFDC325049C2900F255C2 /* SceneDelegate.swift */ = {isa = PBXFileReference; lastKnownFileType = sourcecode.swift; path = SceneDelegate.swift; sourceTree = "<group>"; };
		9E8DFDC525049C2900F255C2 /* ViewController.swift */ = {isa = PBXFileReference; lastKnownFileType = sourcecode.swift; path = ViewController.swift; sourceTree = "<group>"; };
		9E8DFDC825049C2900F255C2 /* Base */ = {isa = PBXFileReference; lastKnownFileType = file.storyboard; name = Base; path = Base.lproj/Main.storyboard; sourceTree = "<group>"; };
		9E8DFDCA25049C2B00F255C2 /* Assets.xcassets */ = {isa = PBXFileReference; lastKnownFileType = folder.assetcatalog; path = Assets.xcassets; sourceTree = "<group>"; };
		9E8DFDCD25049C2B00F255C2 /* Base */ = {isa = PBXFileReference; lastKnownFileType = file.storyboard; name = Base; path = Base.lproj/LaunchScreen.storyboard; sourceTree = "<group>"; };
		9E8DFDCF25049C2B00F255C2 /* Info.plist */ = {isa = PBXFileReference; lastKnownFileType = text.plist.xml; path = Info.plist; sourceTree = "<group>"; };
		9E8DFDD425049C2B00F255C2 /* ToDoneListTests.xctest */ = {isa = PBXFileReference; explicitFileType = wrapper.cfbundle; includeInIndex = 0; path = ToDoneListTests.xctest; sourceTree = BUILT_PRODUCTS_DIR; };
		9E8DFDD825049C2B00F255C2 /* ToDoneListTests.swift */ = {isa = PBXFileReference; lastKnownFileType = sourcecode.swift; path = ToDoneListTests.swift; sourceTree = "<group>"; };
		9E8DFDDA25049C2B00F255C2 /* Info.plist */ = {isa = PBXFileReference; lastKnownFileType = text.plist.xml; path = Info.plist; sourceTree = "<group>"; };
		9E8DFDDF25049C2B00F255C2 /* ToDoneListUITests.xctest */ = {isa = PBXFileReference; explicitFileType = wrapper.cfbundle; includeInIndex = 0; path = ToDoneListUITests.xctest; sourceTree = BUILT_PRODUCTS_DIR; };
		9E8DFDE325049C2B00F255C2 /* ToDoneListUITests.swift */ = {isa = PBXFileReference; lastKnownFileType = sourcecode.swift; path = ToDoneListUITests.swift; sourceTree = "<group>"; };
		9E8DFDE525049C2B00F255C2 /* Info.plist */ = {isa = PBXFileReference; lastKnownFileType = text.plist.xml; path = Info.plist; sourceTree = "<group>"; };
		9E9A5062251B6F6E00D70065 /* ToDoneList.entitlements */ = {isa = PBXFileReference; lastKnownFileType = text.plist.entitlements; path = ToDoneList.entitlements; sourceTree = "<group>"; };
		9EB34AC02528333A00C5A2B5 /* Model.xcdatamodel */ = {isa = PBXFileReference; lastKnownFileType = wrapper.xcdatamodel; path = Model.xcdatamodel; sourceTree = "<group>"; };
		9ED2C8542508EFDA00672495 /* UIColorExtension.swift */ = {isa = PBXFileReference; fileEncoding = 4; lastKnownFileType = sourcecode.swift; path = UIColorExtension.swift; sourceTree = "<group>"; };
		9ED2C8552508EFDA00672495 /* UIViewControllerExtension.swift */ = {isa = PBXFileReference; fileEncoding = 4; lastKnownFileType = sourcecode.swift; path = UIViewControllerExtension.swift; sourceTree = "<group>"; };
		9ED2C8562508EFDA00672495 /* UIViewExtension.swift */ = {isa = PBXFileReference; fileEncoding = 4; lastKnownFileType = sourcecode.swift; path = UIViewExtension.swift; sourceTree = "<group>"; };
		9FBE4C81F0BD4311F8995BCB /* Pods-ToDoneListTests.release.xcconfig */ = {isa = PBXFileReference; includeInIndex = 1; lastKnownFileType = text.xcconfig; name = "Pods-ToDoneListTests.release.xcconfig"; path = "Target Support Files/Pods-ToDoneListTests/Pods-ToDoneListTests.release.xcconfig"; sourceTree = "<group>"; };
		E017A9C9F84566ED6AD5E6D1 /* Pods_ToDoneListTests.framework */ = {isa = PBXFileReference; explicitFileType = wrapper.framework; includeInIndex = 0; path = Pods_ToDoneListTests.framework; sourceTree = BUILT_PRODUCTS_DIR; };
		E4D352C5447E084F413302A5 /* Pods-ToDoneListTests.debug.xcconfig */ = {isa = PBXFileReference; includeInIndex = 1; lastKnownFileType = text.xcconfig; name = "Pods-ToDoneListTests.debug.xcconfig"; path = "Target Support Files/Pods-ToDoneListTests/Pods-ToDoneListTests.debug.xcconfig"; sourceTree = "<group>"; };
		E4FA6A8F91D8FE66E48DAA2B /* Pods_ToDoneList.framework */ = {isa = PBXFileReference; explicitFileType = wrapper.framework; includeInIndex = 0; path = Pods_ToDoneList.framework; sourceTree = BUILT_PRODUCTS_DIR; };
		ECFFCB13E1ECA91BE9B63238 /* Pods-ToDoneList-ToDoneListUITests.release.xcconfig */ = {isa = PBXFileReference; includeInIndex = 1; lastKnownFileType = text.xcconfig; name = "Pods-ToDoneList-ToDoneListUITests.release.xcconfig"; path = "Target Support Files/Pods-ToDoneList-ToDoneListUITests/Pods-ToDoneList-ToDoneListUITests.release.xcconfig"; sourceTree = "<group>"; };
/* End PBXFileReference section */

/* Begin PBXFrameworksBuildPhase section */
		9E8DFDBB25049C2900F255C2 /* Frameworks */ = {
			isa = PBXFrameworksBuildPhase;
			buildActionMask = 2147483647;
			files = (
				A2EC888846570F57BA76F693 /* Pods_ToDoneList.framework in Frameworks */,
			);
			runOnlyForDeploymentPostprocessing = 0;
		};
		9E8DFDD125049C2B00F255C2 /* Frameworks */ = {
			isa = PBXFrameworksBuildPhase;
			buildActionMask = 2147483647;
			files = (
				D2461FCF6B318A490C9FAF32 /* Pods_ToDoneListTests.framework in Frameworks */,
			);
			runOnlyForDeploymentPostprocessing = 0;
		};
		9E8DFDDC25049C2B00F255C2 /* Frameworks */ = {
			isa = PBXFrameworksBuildPhase;
			buildActionMask = 2147483647;
			files = (
				6F4123F33F87523898653FCC /* Pods_ToDoneList_ToDoneListUITests.framework in Frameworks */,
			);
			runOnlyForDeploymentPostprocessing = 0;
		};
/* End PBXFrameworksBuildPhase section */

/* Begin PBXGroup section */
		9E4469D2251726C7000E9A36 /* ModifyToDone */ = {
			isa = PBXGroup;
			children = (
				9E4469E625172778000E9A36 /* ModifyAddToDoneViewController.swift */,
				9E4469EB2517278D000E9A36 /* ModifyToDone.storyboard */,
			);
			path = ModifyToDone;
			sourceTree = "<group>";
		};
		9E79F41225049F6C00A36AE0 /* AddToDone */ = {
			isa = PBXGroup;
			children = (
				9E79F41325049F9200A36AE0 /* AddToDone.storyboard */,
				9E79F41525049FA300A36AE0 /* AddToDoneViewController.swift */,
			);
			path = AddToDone;
			sourceTree = "<group>";
		};
		9E8DFDB525049C2900F255C2 = {
			isa = PBXGroup;
			children = (
				9E8DFDC025049C2900F255C2 /* ToDoneList */,
				9E8DFDD725049C2B00F255C2 /* ToDoneListTests */,
				9E8DFDE225049C2B00F255C2 /* ToDoneListUITests */,
				9E8DFDBF25049C2900F255C2 /* Products */,
				A2099B2FCCF2EE0F6920B7A6 /* Pods */,
				E259B0B595C923E1D584C358 /* Frameworks */,
			);
			sourceTree = "<group>";
		};
		9E8DFDBF25049C2900F255C2 /* Products */ = {
			isa = PBXGroup;
			children = (
				9E8DFDBE25049C2900F255C2 /* ToDoneList.app */,
				9E8DFDD425049C2B00F255C2 /* ToDoneListTests.xctest */,
				9E8DFDDF25049C2B00F255C2 /* ToDoneListUITests.xctest */,
			);
			name = Products;
			sourceTree = "<group>";
		};
		9E8DFDC025049C2900F255C2 /* ToDoneList */ = {
			isa = PBXGroup;
			children = (
				9EB34AC52528353600C5A2B5 /* CoreData */,
				9E9A5062251B6F6E00D70065 /* ToDoneList.entitlements */,
				9E4469D2251726C7000E9A36 /* ModifyToDone */,
				9ED2C8532508EFDA00672495 /* Extension */,
				9E79F41225049F6C00A36AE0 /* AddToDone */,
				9E8DFDF125049EA000F255C2 /* MainTableView */,
				9E8DFDC125049C2900F255C2 /* AppDelegate.swift */,
				9E8DFDC325049C2900F255C2 /* SceneDelegate.swift */,
				9E8DFDCA25049C2B00F255C2 /* Assets.xcassets */,
				9E8DFDCC25049C2B00F255C2 /* LaunchScreen.storyboard */,
				9EB34ABF2528333A00C5A2B5 /* Model.xcdatamodeld */,
				9E8DFDCF25049C2B00F255C2 /* Info.plist */,
			);
			path = ToDoneList;
			sourceTree = "<group>";
		};
		9E8DFDD725049C2B00F255C2 /* ToDoneListTests */ = {
			isa = PBXGroup;
			children = (
				9E8DFDD825049C2B00F255C2 /* ToDoneListTests.swift */,
				9E8DFDDA25049C2B00F255C2 /* Info.plist */,
			);
			path = ToDoneListTests;
			sourceTree = "<group>";
		};
		9E8DFDE225049C2B00F255C2 /* ToDoneListUITests */ = {
			isa = PBXGroup;
			children = (
				9E8DFDE325049C2B00F255C2 /* ToDoneListUITests.swift */,
				9E8DFDE525049C2B00F255C2 /* Info.plist */,
			);
			path = ToDoneListUITests;
			sourceTree = "<group>";
		};
		9E8DFDF125049EA000F255C2 /* MainTableView */ = {
			isa = PBXGroup;
			children = (
				9E8DFDC525049C2900F255C2 /* ViewController.swift */,
				9E8DFDC725049C2900F255C2 /* Main.storyboard */,
			);
			path = MainTableView;
			sourceTree = "<group>";
		};
		9EB34AC52528353600C5A2B5 /* CoreData */ = {
			isa = PBXGroup;
			children = (
				9E277D00252F394E00236D1D /* TodoneTask+CoreDataClass.swift */,
				9E277CFB252F394800236D1D /* TodoneTask+CoreDataProperties.swift */,
			);
			path = CoreData;
			sourceTree = "<group>";
		};
		9ED2C8532508EFDA00672495 /* Extension */ = {
			isa = PBXGroup;
			children = (
				9ED2C8542508EFDA00672495 /* UIColorExtension.swift */,
				9ED2C8552508EFDA00672495 /* UIViewControllerExtension.swift */,
				9ED2C8562508EFDA00672495 /* UIViewExtension.swift */,
			);
			path = Extension;
			sourceTree = "<group>";
		};
		A2099B2FCCF2EE0F6920B7A6 /* Pods */ = {
			isa = PBXGroup;
			children = (
				176A3CF9056D555A93835D22 /* Pods-ToDoneList.debug.xcconfig */,
				7DAFA4CCA2D035738A5A0964 /* Pods-ToDoneList.release.xcconfig */,
				5194438291623D635F02A40B /* Pods-ToDoneList-ToDoneListUITests.debug.xcconfig */,
				ECFFCB13E1ECA91BE9B63238 /* Pods-ToDoneList-ToDoneListUITests.release.xcconfig */,
				E4D352C5447E084F413302A5 /* Pods-ToDoneListTests.debug.xcconfig */,
				9FBE4C81F0BD4311F8995BCB /* Pods-ToDoneListTests.release.xcconfig */,
			);
			path = Pods;
			sourceTree = "<group>";
		};
		E259B0B595C923E1D584C358 /* Frameworks */ = {
			isa = PBXGroup;
			children = (
				E4FA6A8F91D8FE66E48DAA2B /* Pods_ToDoneList.framework */,
				2C06CF8F227DD2DBF96ED11B /* Pods_ToDoneList_ToDoneListUITests.framework */,
				E017A9C9F84566ED6AD5E6D1 /* Pods_ToDoneListTests.framework */,
			);
			name = Frameworks;
			sourceTree = "<group>";
		};
/* End PBXGroup section */

/* Begin PBXNativeTarget section */
		9E8DFDBD25049C2900F255C2 /* ToDoneList */ = {
			isa = PBXNativeTarget;
			buildConfigurationList = 9E8DFDE825049C2B00F255C2 /* Build configuration list for PBXNativeTarget "ToDoneList" */;
			buildPhases = (
				F69AA000E801C7E0CF77A311 /* [CP] Check Pods Manifest.lock */,
				9E8DFDBA25049C2900F255C2 /* Sources */,
				9E8DFDBB25049C2900F255C2 /* Frameworks */,
				9E8DFDBC25049C2900F255C2 /* Resources */,
				F9C7FCDC8CCA8C0820377562 /* [CP] Embed Pods Frameworks */,
			);
			buildRules = (
			);
			dependencies = (
			);
			name = ToDoneList;
			productName = ToDoneList;
			productReference = 9E8DFDBE25049C2900F255C2 /* ToDoneList.app */;
			productType = "com.apple.product-type.application";
		};
		9E8DFDD325049C2B00F255C2 /* ToDoneListTests */ = {
			isa = PBXNativeTarget;
			buildConfigurationList = 9E8DFDEB25049C2B00F255C2 /* Build configuration list for PBXNativeTarget "ToDoneListTests" */;
			buildPhases = (
				55AB5FA43F8AD9E5BCB7A73F /* [CP] Check Pods Manifest.lock */,
				9E8DFDD025049C2B00F255C2 /* Sources */,
				9E8DFDD125049C2B00F255C2 /* Frameworks */,
				9E8DFDD225049C2B00F255C2 /* Resources */,
			);
			buildRules = (
			);
			dependencies = (
				9E8DFDD625049C2B00F255C2 /* PBXTargetDependency */,
			);
			name = ToDoneListTests;
			productName = ToDoneListTests;
			productReference = 9E8DFDD425049C2B00F255C2 /* ToDoneListTests.xctest */;
			productType = "com.apple.product-type.bundle.unit-test";
		};
		9E8DFDDE25049C2B00F255C2 /* ToDoneListUITests */ = {
			isa = PBXNativeTarget;
			buildConfigurationList = 9E8DFDEE25049C2B00F255C2 /* Build configuration list for PBXNativeTarget "ToDoneListUITests" */;
			buildPhases = (
				C402CA59EBF858BB2B93BCF4 /* [CP] Check Pods Manifest.lock */,
				9E8DFDDB25049C2B00F255C2 /* Sources */,
				9E8DFDDC25049C2B00F255C2 /* Frameworks */,
				9E8DFDDD25049C2B00F255C2 /* Resources */,
				F5C2D0E6531DEC0F8FD5CF69 /* [CP] Embed Pods Frameworks */,
			);
			buildRules = (
			);
			dependencies = (
				9E8DFDE125049C2B00F255C2 /* PBXTargetDependency */,
			);
			name = ToDoneListUITests;
			productName = ToDoneListUITests;
			productReference = 9E8DFDDF25049C2B00F255C2 /* ToDoneListUITests.xctest */;
			productType = "com.apple.product-type.bundle.ui-testing";
		};
/* End PBXNativeTarget section */

/* Begin PBXProject section */
		9E8DFDB625049C2900F255C2 /* Project object */ = {
			isa = PBXProject;
			attributes = {
				LastSwiftUpdateCheck = 1160;
				LastUpgradeCheck = 1160;
				ORGANIZATIONNAME = "Mayumi Yamanishi";
				TargetAttributes = {
					9E8DFDBD25049C2900F255C2 = {
						CreatedOnToolsVersion = 11.6;
					};
					9E8DFDD325049C2B00F255C2 = {
						CreatedOnToolsVersion = 11.6;
						TestTargetID = 9E8DFDBD25049C2900F255C2;
					};
					9E8DFDDE25049C2B00F255C2 = {
						CreatedOnToolsVersion = 11.6;
						TestTargetID = 9E8DFDBD25049C2900F255C2;
					};
				};
			};
			buildConfigurationList = 9E8DFDB925049C2900F255C2 /* Build configuration list for PBXProject "ToDoneList" */;
			compatibilityVersion = "Xcode 9.3";
			developmentRegion = en;
			hasScannedForEncodings = 0;
			knownRegions = (
				en,
				Base,
			);
			mainGroup = 9E8DFDB525049C2900F255C2;
			productRefGroup = 9E8DFDBF25049C2900F255C2 /* Products */;
			projectDirPath = "";
			projectRoot = "";
			targets = (
				9E8DFDBD25049C2900F255C2 /* ToDoneList */,
				9E8DFDD325049C2B00F255C2 /* ToDoneListTests */,
				9E8DFDDE25049C2B00F255C2 /* ToDoneListUITests */,
			);
		};
/* End PBXProject section */

/* Begin PBXResourcesBuildPhase section */
		9E8DFDBC25049C2900F255C2 /* Resources */ = {
			isa = PBXResourcesBuildPhase;
			buildActionMask = 2147483647;
			files = (
				9E8DFDCE25049C2B00F255C2 /* LaunchScreen.storyboard in Resources */,
				9E79F41425049F9200A36AE0 /* AddToDone.storyboard in Resources */,
				9E8DFDCB25049C2B00F255C2 /* Assets.xcassets in Resources */,
				9E8DFDC925049C2900F255C2 /* Main.storyboard in Resources */,
				9E4469EC2517278D000E9A36 /* ModifyToDone.storyboard in Resources */,
			);
			runOnlyForDeploymentPostprocessing = 0;
		};
		9E8DFDD225049C2B00F255C2 /* Resources */ = {
			isa = PBXResourcesBuildPhase;
			buildActionMask = 2147483647;
			files = (
			);
			runOnlyForDeploymentPostprocessing = 0;
		};
		9E8DFDDD25049C2B00F255C2 /* Resources */ = {
			isa = PBXResourcesBuildPhase;
			buildActionMask = 2147483647;
			files = (
			);
			runOnlyForDeploymentPostprocessing = 0;
		};
/* End PBXResourcesBuildPhase section */

/* Begin PBXShellScriptBuildPhase section */
		55AB5FA43F8AD9E5BCB7A73F /* [CP] Check Pods Manifest.lock */ = {
			isa = PBXShellScriptBuildPhase;
			buildActionMask = 2147483647;
			files = (
			);
			inputFileListPaths = (
			);
			inputPaths = (
				"${PODS_PODFILE_DIR_PATH}/Podfile.lock",
				"${PODS_ROOT}/Manifest.lock",
			);
			name = "[CP] Check Pods Manifest.lock";
			outputFileListPaths = (
			);
			outputPaths = (
				"$(DERIVED_FILE_DIR)/Pods-ToDoneListTests-checkManifestLockResult.txt",
			);
			runOnlyForDeploymentPostprocessing = 0;
			shellPath = /bin/sh;
			shellScript = "diff \"${PODS_PODFILE_DIR_PATH}/Podfile.lock\" \"${PODS_ROOT}/Manifest.lock\" > /dev/null\nif [ $? != 0 ] ; then\n    # print error to STDERR\n    echo \"error: The sandbox is not in sync with the Podfile.lock. Run 'pod install' or update your CocoaPods installation.\" >&2\n    exit 1\nfi\n# This output is used by Xcode 'outputs' to avoid re-running this script phase.\necho \"SUCCESS\" > \"${SCRIPT_OUTPUT_FILE_0}\"\n";
			showEnvVarsInLog = 0;
		};
		C402CA59EBF858BB2B93BCF4 /* [CP] Check Pods Manifest.lock */ = {
			isa = PBXShellScriptBuildPhase;
			buildActionMask = 2147483647;
			files = (
			);
			inputFileListPaths = (
			);
			inputPaths = (
				"${PODS_PODFILE_DIR_PATH}/Podfile.lock",
				"${PODS_ROOT}/Manifest.lock",
			);
			name = "[CP] Check Pods Manifest.lock";
			outputFileListPaths = (
			);
			outputPaths = (
				"$(DERIVED_FILE_DIR)/Pods-ToDoneList-ToDoneListUITests-checkManifestLockResult.txt",
			);
			runOnlyForDeploymentPostprocessing = 0;
			shellPath = /bin/sh;
			shellScript = "diff \"${PODS_PODFILE_DIR_PATH}/Podfile.lock\" \"${PODS_ROOT}/Manifest.lock\" > /dev/null\nif [ $? != 0 ] ; then\n    # print error to STDERR\n    echo \"error: The sandbox is not in sync with the Podfile.lock. Run 'pod install' or update your CocoaPods installation.\" >&2\n    exit 1\nfi\n# This output is used by Xcode 'outputs' to avoid re-running this script phase.\necho \"SUCCESS\" > \"${SCRIPT_OUTPUT_FILE_0}\"\n";
			showEnvVarsInLog = 0;
		};
		F5C2D0E6531DEC0F8FD5CF69 /* [CP] Embed Pods Frameworks */ = {
			isa = PBXShellScriptBuildPhase;
			buildActionMask = 2147483647;
			files = (
			);
			inputFileListPaths = (
				"${PODS_ROOT}/Target Support Files/Pods-ToDoneList-ToDoneListUITests/Pods-ToDoneList-ToDoneListUITests-frameworks-${CONFIGURATION}-input-files.xcfilelist",
			);
			name = "[CP] Embed Pods Frameworks";
			outputFileListPaths = (
				"${PODS_ROOT}/Target Support Files/Pods-ToDoneList-ToDoneListUITests/Pods-ToDoneList-ToDoneListUITests-frameworks-${CONFIGURATION}-output-files.xcfilelist",
			);
			runOnlyForDeploymentPostprocessing = 0;
			shellPath = /bin/sh;
			shellScript = "\"${PODS_ROOT}/Target Support Files/Pods-ToDoneList-ToDoneListUITests/Pods-ToDoneList-ToDoneListUITests-frameworks.sh\"\n";
			showEnvVarsInLog = 0;
		};
		F69AA000E801C7E0CF77A311 /* [CP] Check Pods Manifest.lock */ = {
			isa = PBXShellScriptBuildPhase;
			buildActionMask = 2147483647;
			files = (
			);
			inputFileListPaths = (
			);
			inputPaths = (
				"${PODS_PODFILE_DIR_PATH}/Podfile.lock",
				"${PODS_ROOT}/Manifest.lock",
			);
			name = "[CP] Check Pods Manifest.lock";
			outputFileListPaths = (
			);
			outputPaths = (
				"$(DERIVED_FILE_DIR)/Pods-ToDoneList-checkManifestLockResult.txt",
			);
			runOnlyForDeploymentPostprocessing = 0;
			shellPath = /bin/sh;
			shellScript = "diff \"${PODS_PODFILE_DIR_PATH}/Podfile.lock\" \"${PODS_ROOT}/Manifest.lock\" > /dev/null\nif [ $? != 0 ] ; then\n    # print error to STDERR\n    echo \"error: The sandbox is not in sync with the Podfile.lock. Run 'pod install' or update your CocoaPods installation.\" >&2\n    exit 1\nfi\n# This output is used by Xcode 'outputs' to avoid re-running this script phase.\necho \"SUCCESS\" > \"${SCRIPT_OUTPUT_FILE_0}\"\n";
			showEnvVarsInLog = 0;
		};
		F9C7FCDC8CCA8C0820377562 /* [CP] Embed Pods Frameworks */ = {
			isa = PBXShellScriptBuildPhase;
			buildActionMask = 2147483647;
			files = (
			);
			inputFileListPaths = (
				"${PODS_ROOT}/Target Support Files/Pods-ToDoneList/Pods-ToDoneList-frameworks-${CONFIGURATION}-input-files.xcfilelist",
			);
			name = "[CP] Embed Pods Frameworks";
			outputFileListPaths = (
				"${PODS_ROOT}/Target Support Files/Pods-ToDoneList/Pods-ToDoneList-frameworks-${CONFIGURATION}-output-files.xcfilelist",
			);
			runOnlyForDeploymentPostprocessing = 0;
			shellPath = /bin/sh;
			shellScript = "\"${PODS_ROOT}/Target Support Files/Pods-ToDoneList/Pods-ToDoneList-frameworks.sh\"\n";
			showEnvVarsInLog = 0;
		};
/* End PBXShellScriptBuildPhase section */

/* Begin PBXSourcesBuildPhase section */
		9E8DFDBA25049C2900F255C2 /* Sources */ = {
			isa = PBXSourcesBuildPhase;
			buildActionMask = 2147483647;
			files = (
				9ED2C8572508EFDA00672495 /* UIColorExtension.swift in Sources */,
				9E8DFDC625049C2900F255C2 /* ViewController.swift in Sources */,
				9EB34AC12528333A00C5A2B5 /* Model.xcdatamodeld in Sources */,
				9E4469E725172778000E9A36 /* ModifyAddToDoneViewController.swift in Sources */,
				9E79F41625049FA300A36AE0 /* AddToDoneViewController.swift in Sources */,
				9ED2C8582508EFDA00672495 /* UIViewControllerExtension.swift in Sources */,
				9E8DFDC225049C2900F255C2 /* AppDelegate.swift in Sources */,
				9E277D01252F394E00236D1D /* TodoneTask+CoreDataClass.swift in Sources */,
				9ED2C8592508EFDA00672495 /* UIViewExtension.swift in Sources */,
				9E277CFC252F394800236D1D /* TodoneTask+CoreDataProperties.swift in Sources */,
				9E8DFDC425049C2900F255C2 /* SceneDelegate.swift in Sources */,
			);
			runOnlyForDeploymentPostprocessing = 0;
		};
		9E8DFDD025049C2B00F255C2 /* Sources */ = {
			isa = PBXSourcesBuildPhase;
			buildActionMask = 2147483647;
			files = (
				9E8DFDD925049C2B00F255C2 /* ToDoneListTests.swift in Sources */,
			);
			runOnlyForDeploymentPostprocessing = 0;
		};
		9E8DFDDB25049C2B00F255C2 /* Sources */ = {
			isa = PBXSourcesBuildPhase;
			buildActionMask = 2147483647;
			files = (
				9E8DFDE425049C2B00F255C2 /* ToDoneListUITests.swift in Sources */,
			);
			runOnlyForDeploymentPostprocessing = 0;
		};
/* End PBXSourcesBuildPhase section */

/* Begin PBXTargetDependency section */
		9E8DFDD625049C2B00F255C2 /* PBXTargetDependency */ = {
			isa = PBXTargetDependency;
			target = 9E8DFDBD25049C2900F255C2 /* ToDoneList */;
			targetProxy = 9E8DFDD525049C2B00F255C2 /* PBXContainerItemProxy */;
		};
		9E8DFDE125049C2B00F255C2 /* PBXTargetDependency */ = {
			isa = PBXTargetDependency;
			target = 9E8DFDBD25049C2900F255C2 /* ToDoneList */;
			targetProxy = 9E8DFDE025049C2B00F255C2 /* PBXContainerItemProxy */;
		};
/* End PBXTargetDependency section */

/* Begin PBXVariantGroup section */
		9E8DFDC725049C2900F255C2 /* Main.storyboard */ = {
			isa = PBXVariantGroup;
			children = (
				9E8DFDC825049C2900F255C2 /* Base */,
			);
			name = Main.storyboard;
			sourceTree = "<group>";
		};
		9E8DFDCC25049C2B00F255C2 /* LaunchScreen.storyboard */ = {
			isa = PBXVariantGroup;
			children = (
				9E8DFDCD25049C2B00F255C2 /* Base */,
			);
			name = LaunchScreen.storyboard;
			sourceTree = "<group>";
		};
/* End PBXVariantGroup section */

/* Begin XCBuildConfiguration section */
		9E8DFDE625049C2B00F255C2 /* Debug */ = {
			isa = XCBuildConfiguration;
			buildSettings = {
				ALWAYS_SEARCH_USER_PATHS = NO;
				CLANG_ANALYZER_NONNULL = YES;
				CLANG_ANALYZER_NUMBER_OBJECT_CONVERSION = YES_AGGRESSIVE;
				CLANG_CXX_LANGUAGE_STANDARD = "gnu++14";
				CLANG_CXX_LIBRARY = "libc++";
				CLANG_ENABLE_MODULES = YES;
				CLANG_ENABLE_OBJC_ARC = YES;
				CLANG_ENABLE_OBJC_WEAK = YES;
				CLANG_WARN_BLOCK_CAPTURE_AUTORELEASING = YES;
				CLANG_WARN_BOOL_CONVERSION = YES;
				CLANG_WARN_COMMA = YES;
				CLANG_WARN_CONSTANT_CONVERSION = YES;
				CLANG_WARN_DEPRECATED_OBJC_IMPLEMENTATIONS = YES;
				CLANG_WARN_DIRECT_OBJC_ISA_USAGE = YES_ERROR;
				CLANG_WARN_DOCUMENTATION_COMMENTS = YES;
				CLANG_WARN_EMPTY_BODY = YES;
				CLANG_WARN_ENUM_CONVERSION = YES;
				CLANG_WARN_INFINITE_RECURSION = YES;
				CLANG_WARN_INT_CONVERSION = YES;
				CLANG_WARN_NON_LITERAL_NULL_CONVERSION = YES;
				CLANG_WARN_OBJC_IMPLICIT_RETAIN_SELF = YES;
				CLANG_WARN_OBJC_LITERAL_CONVERSION = YES;
				CLANG_WARN_OBJC_ROOT_CLASS = YES_ERROR;
				CLANG_WARN_RANGE_LOOP_ANALYSIS = YES;
				CLANG_WARN_STRICT_PROTOTYPES = YES;
				CLANG_WARN_SUSPICIOUS_MOVE = YES;
				CLANG_WARN_UNGUARDED_AVAILABILITY = YES_AGGRESSIVE;
				CLANG_WARN_UNREACHABLE_CODE = YES;
				CLANG_WARN__DUPLICATE_METHOD_MATCH = YES;
				COPY_PHASE_STRIP = NO;
				DEBUG_INFORMATION_FORMAT = dwarf;
				ENABLE_STRICT_OBJC_MSGSEND = YES;
				ENABLE_TESTABILITY = YES;
				GCC_C_LANGUAGE_STANDARD = gnu11;
				GCC_DYNAMIC_NO_PIC = NO;
				GCC_NO_COMMON_BLOCKS = YES;
				GCC_OPTIMIZATION_LEVEL = 0;
				GCC_PREPROCESSOR_DEFINITIONS = (
					"DEBUG=1",
					"$(inherited)",
				);
				GCC_WARN_64_TO_32_BIT_CONVERSION = YES;
				GCC_WARN_ABOUT_RETURN_TYPE = YES_ERROR;
				GCC_WARN_UNDECLARED_SELECTOR = YES;
				GCC_WARN_UNINITIALIZED_AUTOS = YES_AGGRESSIVE;
				GCC_WARN_UNUSED_FUNCTION = YES;
				GCC_WARN_UNUSED_VARIABLE = YES;
				IPHONEOS_DEPLOYMENT_TARGET = 13.6;
				MTL_ENABLE_DEBUG_INFO = INCLUDE_SOURCE;
				MTL_FAST_MATH = YES;
				ONLY_ACTIVE_ARCH = YES;
				SDKROOT = iphoneos;
				SWIFT_ACTIVE_COMPILATION_CONDITIONS = DEBUG;
				SWIFT_OPTIMIZATION_LEVEL = "-Onone";
			};
			name = Debug;
		};
		9E8DFDE725049C2B00F255C2 /* Release */ = {
			isa = XCBuildConfiguration;
			buildSettings = {
				ALWAYS_SEARCH_USER_PATHS = NO;
				CLANG_ANALYZER_NONNULL = YES;
				CLANG_ANALYZER_NUMBER_OBJECT_CONVERSION = YES_AGGRESSIVE;
				CLANG_CXX_LANGUAGE_STANDARD = "gnu++14";
				CLANG_CXX_LIBRARY = "libc++";
				CLANG_ENABLE_MODULES = YES;
				CLANG_ENABLE_OBJC_ARC = YES;
				CLANG_ENABLE_OBJC_WEAK = YES;
				CLANG_WARN_BLOCK_CAPTURE_AUTORELEASING = YES;
				CLANG_WARN_BOOL_CONVERSION = YES;
				CLANG_WARN_COMMA = YES;
				CLANG_WARN_CONSTANT_CONVERSION = YES;
				CLANG_WARN_DEPRECATED_OBJC_IMPLEMENTATIONS = YES;
				CLANG_WARN_DIRECT_OBJC_ISA_USAGE = YES_ERROR;
				CLANG_WARN_DOCUMENTATION_COMMENTS = YES;
				CLANG_WARN_EMPTY_BODY = YES;
				CLANG_WARN_ENUM_CONVERSION = YES;
				CLANG_WARN_INFINITE_RECURSION = YES;
				CLANG_WARN_INT_CONVERSION = YES;
				CLANG_WARN_NON_LITERAL_NULL_CONVERSION = YES;
				CLANG_WARN_OBJC_IMPLICIT_RETAIN_SELF = YES;
				CLANG_WARN_OBJC_LITERAL_CONVERSION = YES;
				CLANG_WARN_OBJC_ROOT_CLASS = YES_ERROR;
				CLANG_WARN_RANGE_LOOP_ANALYSIS = YES;
				CLANG_WARN_STRICT_PROTOTYPES = YES;
				CLANG_WARN_SUSPICIOUS_MOVE = YES;
				CLANG_WARN_UNGUARDED_AVAILABILITY = YES_AGGRESSIVE;
				CLANG_WARN_UNREACHABLE_CODE = YES;
				CLANG_WARN__DUPLICATE_METHOD_MATCH = YES;
				COPY_PHASE_STRIP = NO;
				DEBUG_INFORMATION_FORMAT = "dwarf-with-dsym";
				ENABLE_NS_ASSERTIONS = NO;
				ENABLE_STRICT_OBJC_MSGSEND = YES;
				GCC_C_LANGUAGE_STANDARD = gnu11;
				GCC_NO_COMMON_BLOCKS = YES;
				GCC_WARN_64_TO_32_BIT_CONVERSION = YES;
				GCC_WARN_ABOUT_RETURN_TYPE = YES_ERROR;
				GCC_WARN_UNDECLARED_SELECTOR = YES;
				GCC_WARN_UNINITIALIZED_AUTOS = YES_AGGRESSIVE;
				GCC_WARN_UNUSED_FUNCTION = YES;
				GCC_WARN_UNUSED_VARIABLE = YES;
				IPHONEOS_DEPLOYMENT_TARGET = 13.6;
				MTL_ENABLE_DEBUG_INFO = NO;
				MTL_FAST_MATH = YES;
				SDKROOT = iphoneos;
				SWIFT_COMPILATION_MODE = wholemodule;
				SWIFT_OPTIMIZATION_LEVEL = "-O";
				VALIDATE_PRODUCT = YES;
			};
			name = Release;
		};
		9E8DFDE925049C2B00F255C2 /* Debug */ = {
			isa = XCBuildConfiguration;
			baseConfigurationReference = 176A3CF9056D555A93835D22 /* Pods-ToDoneList.debug.xcconfig */;
			buildSettings = {
				ASSETCATALOG_COMPILER_APPICON_NAME = AppIcon;
				CODE_SIGN_ENTITLEMENTS = ToDoneList/ToDoneList.entitlements;
				CODE_SIGN_STYLE = Automatic;
				CURRENT_PROJECT_VERSION = 2;
				DEVELOPMENT_TEAM = T523PHK3SV;
				INFOPLIST_FILE = ToDoneList/Info.plist;
				LD_RUNPATH_SEARCH_PATHS = (
					"$(inherited)",
					"@executable_path/Frameworks",
				);
				MARKETING_VERSION = 1.0.2;
				PRODUCT_BUNDLE_IDENTIFIER = mayumi.yamanishi.ToDoneList;
				PRODUCT_NAME = "$(TARGET_NAME)";
				SWIFT_VERSION = 5.0;
				TARGETED_DEVICE_FAMILY = "1,2";
			};
			name = Debug;
		};
		9E8DFDEA25049C2B00F255C2 /* Release */ = {
			isa = XCBuildConfiguration;
			baseConfigurationReference = 7DAFA4CCA2D035738A5A0964 /* Pods-ToDoneList.release.xcconfig */;
			buildSettings = {
				ASSETCATALOG_COMPILER_APPICON_NAME = AppIcon;
				CODE_SIGN_ENTITLEMENTS = ToDoneList/ToDoneList.entitlements;
				CODE_SIGN_STYLE = Automatic;
				CURRENT_PROJECT_VERSION = 2;
				DEVELOPMENT_TEAM = T523PHK3SV;
				INFOPLIST_FILE = ToDoneList/Info.plist;
				LD_RUNPATH_SEARCH_PATHS = (
					"$(inherited)",
					"@executable_path/Frameworks",
				);
				MARKETING_VERSION = 1.0.2;
				PRODUCT_BUNDLE_IDENTIFIER = mayumi.yamanishi.ToDoneList;
				PRODUCT_NAME = "$(TARGET_NAME)";
				SWIFT_VERSION = 5.0;
				TARGETED_DEVICE_FAMILY = "1,2";
			};
			name = Release;
		};
		9E8DFDEC25049C2B00F255C2 /* Debug */ = {
			isa = XCBuildConfiguration;
			baseConfigurationReference = E4D352C5447E084F413302A5 /* Pods-ToDoneListTests.debug.xcconfig */;
			buildSettings = {
				ALWAYS_EMBED_SWIFT_STANDARD_LIBRARIES = YES;
				BUNDLE_LOADER = "$(TEST_HOST)";
				CODE_SIGN_STYLE = Automatic;
				DEVELOPMENT_TEAM = T523PHK3SV;
				INFOPLIST_FILE = ToDoneListTests/Info.plist;
				IPHONEOS_DEPLOYMENT_TARGET = 13.6;
				LD_RUNPATH_SEARCH_PATHS = (
					"$(inherited)",
					"@executable_path/Frameworks",
					"@loader_path/Frameworks",
				);
				PRODUCT_BUNDLE_IDENTIFIER = mayumi.yamanishi.ToDoneListTests;
				PRODUCT_NAME = "$(TARGET_NAME)";
				SWIFT_VERSION = 5.0;
				TARGETED_DEVICE_FAMILY = "1,2";
				TEST_HOST = "$(BUILT_PRODUCTS_DIR)/ToDoneList.app/ToDoneList";
			};
			name = Debug;
		};
		9E8DFDED25049C2B00F255C2 /* Release */ = {
			isa = XCBuildConfiguration;
			baseConfigurationReference = 9FBE4C81F0BD4311F8995BCB /* Pods-ToDoneListTests.release.xcconfig */;
			buildSettings = {
				ALWAYS_EMBED_SWIFT_STANDARD_LIBRARIES = YES;
				BUNDLE_LOADER = "$(TEST_HOST)";
				CODE_SIGN_STYLE = Automatic;
				DEVELOPMENT_TEAM = T523PHK3SV;
				INFOPLIST_FILE = ToDoneListTests/Info.plist;
				IPHONEOS_DEPLOYMENT_TARGET = 13.6;
				LD_RUNPATH_SEARCH_PATHS = (
					"$(inherited)",
					"@executable_path/Frameworks",
					"@loader_path/Frameworks",
				);
				PRODUCT_BUNDLE_IDENTIFIER = mayumi.yamanishi.ToDoneListTests;
				PRODUCT_NAME = "$(TARGET_NAME)";
				SWIFT_VERSION = 5.0;
				TARGETED_DEVICE_FAMILY = "1,2";
				TEST_HOST = "$(BUILT_PRODUCTS_DIR)/ToDoneList.app/ToDoneList";
			};
			name = Release;
		};
		9E8DFDEF25049C2B00F255C2 /* Debug */ = {
			isa = XCBuildConfiguration;
			baseConfigurationReference = 5194438291623D635F02A40B /* Pods-ToDoneList-ToDoneListUITests.debug.xcconfig */;
			buildSettings = {
				ALWAYS_EMBED_SWIFT_STANDARD_LIBRARIES = YES;
				CODE_SIGN_STYLE = Automatic;
				DEVELOPMENT_TEAM = T523PHK3SV;
				INFOPLIST_FILE = ToDoneListUITests/Info.plist;
				LD_RUNPATH_SEARCH_PATHS = (
					"$(inherited)",
					"@executable_path/Frameworks",
					"@loader_path/Frameworks",
				);
				PRODUCT_BUNDLE_IDENTIFIER = mayumi.yamanishi.ToDoneListUITests;
				PRODUCT_NAME = "$(TARGET_NAME)";
				SWIFT_VERSION = 5.0;
				TARGETED_DEVICE_FAMILY = "1,2";
				TEST_TARGET_NAME = ToDoneList;
			};
			name = Debug;
		};
		9E8DFDF025049C2B00F255C2 /* Release */ = {
			isa = XCBuildConfiguration;
			baseConfigurationReference = ECFFCB13E1ECA91BE9B63238 /* Pods-ToDoneList-ToDoneListUITests.release.xcconfig */;
			buildSettings = {
				ALWAYS_EMBED_SWIFT_STANDARD_LIBRARIES = YES;
				CODE_SIGN_STYLE = Automatic;
				DEVELOPMENT_TEAM = T523PHK3SV;
				INFOPLIST_FILE = ToDoneListUITests/Info.plist;
				LD_RUNPATH_SEARCH_PATHS = (
					"$(inherited)",
					"@executable_path/Frameworks",
					"@loader_path/Frameworks",
				);
				PRODUCT_BUNDLE_IDENTIFIER = mayumi.yamanishi.ToDoneListUITests;
				PRODUCT_NAME = "$(TARGET_NAME)";
				SWIFT_VERSION = 5.0;
				TARGETED_DEVICE_FAMILY = "1,2";
				TEST_TARGET_NAME = ToDoneList;
			};
			name = Release;
		};
/* End XCBuildConfiguration section */

/* Begin XCConfigurationList section */
		9E8DFDB925049C2900F255C2 /* Build configuration list for PBXProject "ToDoneList" */ = {
			isa = XCConfigurationList;
			buildConfigurations = (
				9E8DFDE625049C2B00F255C2 /* Debug */,
				9E8DFDE725049C2B00F255C2 /* Release */,
			);
			defaultConfigurationIsVisible = 0;
			defaultConfigurationName = Release;
		};
		9E8DFDE825049C2B00F255C2 /* Build configuration list for PBXNativeTarget "ToDoneList" */ = {
			isa = XCConfigurationList;
			buildConfigurations = (
				9E8DFDE925049C2B00F255C2 /* Debug */,
				9E8DFDEA25049C2B00F255C2 /* Release */,
			);
			defaultConfigurationIsVisible = 0;
			defaultConfigurationName = Release;
		};
		9E8DFDEB25049C2B00F255C2 /* Build configuration list for PBXNativeTarget "ToDoneListTests" */ = {
			isa = XCConfigurationList;
			buildConfigurations = (
				9E8DFDEC25049C2B00F255C2 /* Debug */,
				9E8DFDED25049C2B00F255C2 /* Release */,
			);
			defaultConfigurationIsVisible = 0;
			defaultConfigurationName = Release;
		};
		9E8DFDEE25049C2B00F255C2 /* Build configuration list for PBXNativeTarget "ToDoneListUITests" */ = {
			isa = XCConfigurationList;
			buildConfigurations = (
				9E8DFDEF25049C2B00F255C2 /* Debug */,
				9E8DFDF025049C2B00F255C2 /* Release */,
			);
			defaultConfigurationIsVisible = 0;
			defaultConfigurationName = Release;
		};
/* End XCConfigurationList section */

/* Begin XCVersionGroup section */
		9EB34ABF2528333A00C5A2B5 /* Model.xcdatamodeld */ = {
			isa = XCVersionGroup;
			children = (
				9EB34AC02528333A00C5A2B5 /* Model.xcdatamodel */,
			);
			currentVersion = 9EB34AC02528333A00C5A2B5 /* Model.xcdatamodel */;
			path = Model.xcdatamodeld;
			sourceTree = "<group>";
			versionGroupType = wrapper.xcdatamodel;
		};
/* End XCVersionGroup section */
	};
	rootObject = 9E8DFDB625049C2900F255C2 /* Project object */;
}
